
Microsoft Visual Studio Solution File, Format Version 12.00
# Visual Studio 15
VisualStudioVersion = 15.0.26228.4
MinimumVisualStudioVersion = 10.0.40219.1
Project("{FAE04EC0-301F-11D3-BF4B-00C04F79EFBC}") = "BookItDotCom.Web", "BookItDotCom.Web\BookItDotCom.Web.csproj", "{C5CD3328-CA8B-403D-BA90-BFE67C2044AA}"
EndProject
Project("{FAE04EC0-301F-11D3-BF4B-00C04F79EFBC}") = "BookItDotCom.Data", "BookItDotCom.Data\BookItDotCom.Data.csproj", "{E7E1FF86-398E-4914-880E-D3415CCFEB95}"
EndProject
Project("{FAE04EC0-301F-11D3-BF4B-00C04F79EFBC}") = "BookItDotCom.Service", "BookItDotCom.Service\BookItDotCom.Service.csproj", "{FE0E0C9B-5525-499C-ADC9-68A84573CB10}"
EndProject
Global
	GlobalSection(SolutionConfigurationPlatforms) = preSolution
		Debug|Any CPU = Debug|Any CPU
		Release|Any CPU = Release|Any CPU
	EndGlobalSection
	GlobalSection(ProjectConfigurationPlatforms) = postSolution
		{C5CD3328-CA8B-403D-BA90-BFE67C2044AA}.Debug|Any CPU.ActiveCfg = Debug|Any CPU
		{C5CD3328-CA8B-403D-BA90-BFE67C2044AA}.Debug|Any CPU.Build.0 = Debug|Any CPU
		{C5CD3328-CA8B-403D-BA90-BFE67C2044AA}.Release|Any CPU.ActiveCfg = Release|Any CPU
		{C5CD3328-CA8B-403D-BA90-BFE67C2044AA}.Release|Any CPU.Build.0 = Release|Any CPU
		{E7E1FF86-398E-4914-880E-D3415CCFEB95}.Debug|Any CPU.ActiveCfg = Debug|Any CPU
		{E7E1FF86-398E-4914-880E-D3415CCFEB95}.Debug|Any CPU.Build.0 = Debug|Any CPU
		{E7E1FF86-398E-4914-880E-D3415CCFEB95}.Release|Any CPU.ActiveCfg = Release|Any CPU
		{E7E1FF86-398E-4914-880E-D3415CCFEB95}.Release|Any CPU.Build.0 = Release|Any CPU
		{FE0E0C9B-5525-499C-ADC9-68A84573CB10}.Debug|Any CPU.ActiveCfg = Debug|Any CPU
		{FE0E0C9B-5525-499C-ADC9-68A84573CB10}.Debug|Any CPU.Build.0 = Debug|Any CPU
		{FE0E0C9B-5525-499C-ADC9-68A84573CB10}.Release|Any CPU.ActiveCfg = Release|Any CPU
		{FE0E0C9B-5525-499C-ADC9-68A84573CB10}.Release|Any CPU.Build.0 = Release|Any CPU
	EndGlobalSection
	GlobalSection(SolutionProperties) = preSolution
		HideSolutionNode = FALSE
	EndGlobalSection
EndGlobal
